// !$*UTF8*$!
{
	archiveVersion = 1;
	classes = {
	};
	objectVersion = 77;
	objects = {

/* Begin PBXContainerItemProxy section */
		2C7D94032DE700010065124A /* PBXContainerItemProxy */ = {
			isa = PBXContainerItemProxy;
			containerPortal = 2C7D93ED2DE6FFFF0065124A /* Project object */;
			proxyType = 1;
			remoteGlobalIDString = 2C7D93F42DE6FFFF0065124A;
			remoteInfo = "ist-ai-hack";
		};
		2C7D940D2DE700010065124A /* PBXContainerItemProxy */ = {
			isa = PBXContainerItemProxy;
			containerPortal = 2C7D93ED2DE6FFFF0065124A /* Project object */;
			proxyType = 1;
			remoteGlobalIDString = 2C7D93F42DE6FFFF0065124A;
			remoteInfo = "ist-ai-hack";
		};
/* End PBXContainerItemProxy section */

/* Begin PBXFileReference section */
		2C7D93F52DE6FFFF0065124A /* ist-ai-hack.app */ = {isa = PBXFileReference; explicitFileType = wrapper.application; includeInIndex = 0; path = "ist-ai-hack.app"; sourceTree = BUILT_PRODUCTS_DIR; };
		2C7D94022DE700010065124A /* ist-ai-hackTests.xctest */ = {isa = PBXFileReference; explicitFileType = wrapper.cfbundle; includeInIndex = 0; path = "ist-ai-hackTests.xctest"; sourceTree = BUILT_PRODUCTS_DIR; };
		2C7D940C2DE700010065124A /* ist-ai-hackUITests.xctest */ = {isa = PBXFileReference; explicitFileType = wrapper.cfbundle; includeInIndex = 0; path = "ist-ai-hackUITests.xctest"; sourceTree = BUILT_PRODUCTS_DIR; };
/* End PBXFileReference section */

/* Begin PBXFileSystemSynchronizedRootGroup section */
		2C7D93F72DE6FFFF0065124A /* ist-ai-hack */ = {
			isa = PBXFileSystemSynchronizedRootGroup;
			path = "ist-ai-hack";
			sourceTree = "<group>";
		};
		2C7D94052DE700010065124A /* ist-ai-hackTests */ = {
			isa = PBXFileSystemSynchronizedRootGroup;
			path = "ist-ai-hackTests";
			sourceTree = "<group>";
		};
		2C7D940F2DE700010065124A /* ist-ai-hackUITests */ = {
			isa = PBXFileSystemSynchronizedRootGroup;
			path = "ist-ai-hackUITests";
			sourceTree = "<group>";
		};
/* End PBXFileSystemSynchronizedRootGroup section */

/* Begin PBXFrameworksBuildPhase section */
		2C7D93F22DE6FFFF0065124A /* Frameworks */ = {
			isa = PBXFrameworksBuildPhase;
			buildActionMask = 2147483647;
			files = (
			);
			runOnlyForDeploymentPostprocessing = 0;
		};
		2C7D93FF2DE700010065124A /* Frameworks */ = {
			isa = PBXFrameworksBuildPhase;
			buildActionMask = 2147483647;
			files = (
			);
			runOnlyForDeploymentPostprocessing = 0;
		};
		2C7D94092DE700010065124A /* Frameworks */ = {
			isa = PBXFrameworksBuildPhase;
			buildActionMask = 2147483647;
			files = (
			);
			runOnlyForDeploymentPostprocessing = 0;
		};
/* End PBXFrameworksBuildPhase section */

/* Begin PBXGroup section */
		2C7D93EC2DE6FFFF0065124A = {
			isa = PBXGroup;
			children = (
				2C7D93F72DE6FFFF0065124A /* ist-ai-hack */,
				2C7D94052DE700010065124A /* ist-ai-hackTests */,
				2C7D940F2DE700010065124A /* ist-ai-hackUITests */,
				2C7D93F62DE6FFFF0065124A /* Products */,
			);
			sourceTree = "<group>";
		};
		2C7D93F62DE6FFFF0065124A /* Products */ = {
			isa = PBXGroup;
			children = (
				2C7D93F52DE6FFFF0065124A /* ist-ai-hack.app */,
				2C7D94022DE700010065124A /* ist-ai-hackTests.xctest */,
				2C7D940C2DE700010065124A /* ist-ai-hackUITests.xctest */,
			);
			name = Products;
			sourceTree = "<group>";
		};
/* End PBXGroup section */

/* Begin PBXNativeTarget section */
		2C7D93F42DE6FFFF0065124A /* ist-ai-hack */ = {
			isa = PBXNativeTarget;
			buildConfigurationList = 2C7D94162DE700010065124A /* Build configuration list for PBXNativeTarget "ist-ai-hack" */;
			buildPhases = (
				2C7D93F12DE6FFFF0065124A /* Sources */,
				2C7D93F22DE6FFFF0065124A /* Frameworks */,
				2C7D93F32DE6FFFF0065124A /* Resources */,
			);
			buildRules = (
			);
			dependencies = (
			);
			fileSystemSynchronizedGroups = (
				2C7D93F72DE6FFFF0065124A /* ist-ai-hack */,
			);
			name = "ist-ai-hack";
			packageProductDependencies = (
			);
			productName = "ist-ai-hack";
			productReference = 2C7D93F52DE6FFFF0065124A /* ist-ai-hack.app */;
			productType = "com.apple.product-type.application";
		};
		2C7D94012DE700010065124A /* ist-ai-hackTests */ = {
			isa = PBXNativeTarget;
			buildConfigurationList = 2C7D94192DE700010065124A /* Build configuration list for PBXNativeTarget "ist-ai-hackTests" */;
			buildPhases = (
				2C7D93FE2DE700010065124A /* Sources */,
				2C7D93FF2DE700010065124A /* Frameworks */,
				2C7D94002DE700010065124A /* Resources */,
			);
			buildRules = (
			);
			dependencies = (
				2C7D94042DE700010065124A /* PBXTargetDependency */,
			);
			fileSystemSynchronizedGroups = (
				2C7D94052DE700010065124A /* ist-ai-hackTests */,
			);
			name = "ist-ai-hackTests";
			packageProductDependencies = (
			);
			productName = "ist-ai-hackTests";
			productReference = 2C7D94022DE700010065124A /* ist-ai-hackTests.xctest */;
			productType = "com.apple.product-type.bundle.unit-test";
		};
		2C7D940B2DE700010065124A /* ist-ai-hackUITests */ = {
			isa = PBXNativeTarget;
			buildConfigurationList = 2C7D941C2DE700010065124A /* Build configuration list for PBXNativeTarget "ist-ai-hackUITests" */;
			buildPhases = (
				2C7D94082DE700010065124A /* Sources */,
				2C7D94092DE700010065124A /* Frameworks */,
				2C7D940A2DE700010065124A /* Resources */,
			);
			buildRules = (
			);
			dependencies = (
				2C7D940E2DE700010065124A /* PBXTargetDependency */,
			);
			fileSystemSynchronizedGroups = (
				2C7D940F2DE700010065124A /* ist-ai-hackUITests */,
			);
			name = "ist-ai-hackUITests";
			packageProductDependencies = (
			);
			productName = "ist-ai-hackUITests";
			productReference = 2C7D940C2DE700010065124A /* ist-ai-hackUITests.xctest */;
			productType = "com.apple.product-type.bundle.ui-testing";
		};
/* End PBXNativeTarget section */

/* Begin PBXProject section */
		2C7D93ED2DE6FFFF0065124A /* Project object */ = {
			isa = PBXProject;
			attributes = {
				BuildIndependentTargetsInParallel = 1;
				LastSwiftUpdateCheck = 1630;
				LastUpgradeCheck = 1630;
				TargetAttributes = {
					2C7D93F42DE6FFFF0065124A = {
						CreatedOnToolsVersion = 16.3;
					};
					2C7D94012DE700010065124A = {
						CreatedOnToolsVersion = 16.3;
						TestTargetID = 2C7D93F42DE6FFFF0065124A;
					};
					2C7D940B2DE700010065124A = {
						CreatedOnToolsVersion = 16.3;
						TestTargetID = 2C7D93F42DE6FFFF0065124A;
					};
				};
			};
			buildConfigurationList = 2C7D93F02DE6FFFF0065124A /* Build configuration list for PBXProject "ist-ai-hack" */;
			developmentRegion = en;
			hasScannedForEncodings = 0;
			knownRegions = (
				en,
				Base,
			);
			mainGroup = 2C7D93EC2DE6FFFF0065124A;
			minimizedProjectReferenceProxies = 1;
			packageReferences = (
			);
			preferredProjectObjectVersion = 77;
			productRefGroup = 2C7D93F62DE6FFFF0065124A /* Products */;
			projectDirPath = "";
			projectRoot = "";
			targets = (
				2C7D93F42DE6FFFF0065124A /* ist-ai-hack */,
				2C7D94012DE700010065124A /* ist-ai-hackTests */,
				2C7D940B2DE700010065124A /* ist-ai-hackUITests */,
			);
		};
/* End PBXProject section */

/* Begin PBXResourcesBuildPhase section */
		2C7D93F32DE6FFFF0065124A /* Resources */ = {
			isa = PBXResourcesBuildPhase;
			buildActionMask = 2147483647;
			files = (
			);
			runOnlyForDeploymentPostprocessing = 0;
		};
		2C7D94002DE700010065124A /* Resources */ = {
			isa = PBXResourcesBuildPhase;
			buildActionMask = 2147483647;
			files = (
			);
			runOnlyForDeploymentPostprocessing = 0;
		};
		2C7D940A2DE700010065124A /* Resources */ = {
			isa = PBXResourcesBuildPhase;
			buildActionMask = 2147483647;
			files = (
			);
			runOnlyForDeploymentPostprocessing = 0;
		};
/* End PBXResourcesBuildPhase section */

/* Begin PBXSourcesBuildPhase section */
		2C7D93F12DE6FFFF0065124A /* Sources */ = {
			isa = PBXSourcesBuildPhase;
			buildActionMask = 2147483647;
			files = (
			);
			runOnlyForDeploymentPostprocessing = 0;
		};
		2C7D93FE2DE700010065124A /* Sources */ = {
			isa = PBXSourcesBuildPhase;
			buildActionMask = 2147483647;
			files = (
			);
			runOnlyForDeploymentPostprocessing = 0;
		};
		2C7D94082DE700010065124A /* Sources */ = {
			isa = PBXSourcesBuildPhase;
			buildActionMask = 2147483647;
			files = (
			);
			runOnlyForDeploymentPostprocessing = 0;
		};
/* End PBXSourcesBuildPhase section */

/* Begin PBXTargetDependency section */
		2C7D94042DE700010065124A /* PBXTargetDependency */ = {
			isa = PBXTargetDependency;
			target = 2C7D93F42DE6FFFF0065124A /* ist-ai-hack */;
			targetProxy = 2C7D94032DE700010065124A /* PBXContainerItemProxy */;
		};
		2C7D940E2DE700010065124A /* PBXTargetDependency */ = {
			isa = PBXTargetDependency;
			target = 2C7D93F42DE6FFFF0065124A /* ist-ai-hack */;
			targetProxy = 2C7D940D2DE700010065124A /* PBXContainerItemProxy */;
		};
/* End PBXTargetDependency section */

/* Begin XCBuildConfiguration section */
		2C7D94142DE700010065124A /* Debug */ = {
			isa = XCBuildConfiguration;
			buildSettings = {
				ALWAYS_SEARCH_USER_PATHS = NO;
				ASSETCATALOG_COMPILER_GENERATE_SWIFT_ASSET_SYMBOL_EXTENSIONS = YES;
				CLANG_ANALYZER_NONNULL = YES;
				CLANG_ANALYZER_NUMBER_OBJECT_CONVERSION = YES_AGGRESSIVE;
				CLANG_CXX_LANGUAGE_STANDARD = "gnu++20";
				CLANG_ENABLE_MODULES = YES;
				CLANG_ENABLE_OBJC_ARC = YES;
				CLANG_ENABLE_OBJC_WEAK = YES;
				CLANG_WARN_BLOCK_CAPTURE_AUTORELEASING = YES;
				CLANG_WARN_BOOL_CONVERSION = YES;
				CLANG_WARN_COMMA = YES;
				CLANG_WARN_CONSTANT_CONVERSION = YES;
				CLANG_WARN_DEPRECATED_OBJC_IMPLEMENTATIONS = YES;
				CLANG_WARN_DIRECT_OBJC_ISA_USAGE = YES_ERROR;
				CLANG_WARN_DOCUMENTATION_COMMENTS = YES;
				CLANG_WARN_EMPTY_BODY = YES;
				CLANG_WARN_ENUM_CONVERSION = YES;
				CLANG_WARN_INFINITE_RECURSION = YES;
				CLANG_WARN_INT_CONVERSION = YES;
				CLANG_WARN_NON_LITERAL_NULL_CONVERSION = YES;
				CLANG_WARN_OBJC_IMPLICIT_RETAIN_SELF = YES;
				CLANG_WARN_OBJC_LITERAL_CONVERSION = YES;
				CLANG_WARN_OBJC_ROOT_CLASS = YES_ERROR;
				CLANG_WARN_QUOTED_INCLUDE_IN_FRAMEWORK_HEADER = YES;
				CLANG_WARN_RANGE_LOOP_ANALYSIS = YES;
				CLANG_WARN_STRICT_PROTOTYPES = YES;
				CLANG_WARN_SUSPICIOUS_MOVE = YES;
				CLANG_WARN_UNGUARDED_AVAILABILITY = YES_AGGRESSIVE;
				CLANG_WARN_UNREACHABLE_CODE = YES;
				CLANG_WARN__DUPLICATE_METHOD_MATCH = YES;
				COPY_PHASE_STRIP = NO;
				DEBUG_INFORMATION_FORMAT = dwarf;
				DEVELOPMENT_TEAM = VN456S7UHT;
				ENABLE_STRICT_OBJC_MSGSEND = YES;
				ENABLE_TESTABILITY = YES;
				ENABLE_USER_SCRIPT_SANDBOXING = YES;
				GCC_C_LANGUAGE_STANDARD = gnu17;
				GCC_DYNAMIC_NO_PIC = NO;
				GCC_NO_COMMON_BLOCKS = YES;
				GCC_OPTIMIZATION_LEVEL = 0;
				GCC_PREPROCESSOR_DEFINITIONS = (
					"DEBUG=1",
					"$(inherited)",
				);
				GCC_WARN_64_TO_32_BIT_CONVERSION = YES;
				GCC_WARN_ABOUT_RETURN_TYPE = YES_ERROR;
				GCC_WARN_UNDECLARED_SELECTOR = YES;
				GCC_WARN_UNINITIALIZED_AUTOS = YES_AGGRESSIVE;
				GCC_WARN_UNUSED_FUNCTION = YES;
				GCC_WARN_UNUSED_VARIABLE = YES;
				IPHONEOS_DEPLOYMENT_TARGET = 18.4;
				LOCALIZATION_PREFERS_STRING_CATALOGS = YES;
				MTL_ENABLE_DEBUG_INFO = INCLUDE_SOURCE;
				MTL_FAST_MATH = YES;
				ONLY_ACTIVE_ARCH = YES;
				SDKROOT = iphoneos;
				SWIFT_ACTIVE_COMPILATION_CONDITIONS = "DEBUG $(inherited)";
				SWIFT_OPTIMIZATION_LEVEL = "-Onone";
			};
			name = Debug;
		};
		2C7D94152DE700010065124A /* Release */ = {
			isa = XCBuildConfiguration;
			buildSettings = {
				ALWAYS_SEARCH_USER_PATHS = NO;
				ASSETCATALOG_COMPILER_GENERATE_SWIFT_ASSET_SYMBOL_EXTENSIONS = YES;
				CLANG_ANALYZER_NONNULL = YES;
				CLANG_ANALYZER_NUMBER_OBJECT_CONVERSION = YES_AGGRESSIVE;
				CLANG_CXX_LANGUAGE_STANDARD = "gnu++20";
				CLANG_ENABLE_MODULES = YES;
				CLANG_ENABLE_OBJC_ARC = YES;
				CLANG_ENABLE_OBJC_WEAK = YES;
				CLANG_WARN_BLOCK_CAPTURE_AUTORELEASING = YES;
				CLANG_WARN_BOOL_CONVERSION = YES;
				CLANG_WARN_COMMA = YES;
				CLANG_WARN_CONSTANT_CONVERSION = YES;
				CLANG_WARN_DEPRECATED_OBJC_IMPLEMENTATIONS = YES;
				CLANG_WARN_DIRECT_OBJC_ISA_USAGE = YES_ERROR;
				CLANG_WARN_DOCUMENTATION_COMMENTS = YES;
				CLANG_WARN_EMPTY_BODY = YES;
				CLANG_WARN_ENUM_CONVERSION = YES;
				CLANG_WARN_INFINITE_RECURSION = YES;
				CLANG_WARN_INT_CONVERSION = YES;
				CLANG_WARN_NON_LITERAL_NULL_CONVERSION = YES;
				CLANG_WARN_OBJC_IMPLICIT_RETAIN_SELF = YES;
				CLANG_WARN_OBJC_LITERAL_CONVERSION = YES;
				CLANG_WARN_OBJC_ROOT_CLASS = YES_ERROR;
				CLANG_WARN_QUOTED_INCLUDE_IN_FRAMEWORK_HEADER = YES;
				CLANG_WARN_RANGE_LOOP_ANALYSIS = YES;
				CLANG_WARN_STRICT_PROTOTYPES = YES;
				CLANG_WARN_SUSPICIOUS_MOVE = YES;
				CLANG_WARN_UNGUARDED_AVAILABILITY = YES_AGGRESSIVE;
				CLANG_WARN_UNREACHABLE_CODE = YES;
				CLANG_WARN__DUPLICATE_METHOD_MATCH = YES;
				COPY_PHASE_STRIP = NO;
				DEBUG_INFORMATION_FORMAT = "dwarf-with-dsym";
				DEVELOPMENT_TEAM = VN456S7UHT;
				ENABLE_NS_ASSERTIONS = NO;
				ENABLE_STRICT_OBJC_MSGSEND = YES;
				ENABLE_USER_SCRIPT_SANDBOXING = YES;
				GCC_C_LANGUAGE_STANDARD = gnu17;
				GCC_NO_COMMON_BLOCKS = YES;
				GCC_WARN_64_TO_32_BIT_CONVERSION = YES;
				GCC_WARN_ABOUT_RETURN_TYPE = YES_ERROR;
				GCC_WARN_UNDECLARED_SELECTOR = YES;
				GCC_WARN_UNINITIALIZED_AUTOS = YES_AGGRESSIVE;
				GCC_WARN_UNUSED_FUNCTION = YES;
				GCC_WARN_UNUSED_VARIABLE = YES;
				IPHONEOS_DEPLOYMENT_TARGET = 18.4;
				LOCALIZATION_PREFERS_STRING_CATALOGS = YES;
				MTL_ENABLE_DEBUG_INFO = NO;
				MTL_FAST_MATH = YES;
				SDKROOT = iphoneos;
				SWIFT_COMPILATION_MODE = wholemodule;
				VALIDATE_PRODUCT = YES;
			};
			name = Release;
		};
		2C7D94172DE700010065124A /* Debug */ = {
			isa = XCBuildConfiguration;
			buildSettings = {
				ASSETCATALOG_COMPILER_APPICON_NAME = AppIcon;
				ASSETCATALOG_COMPILER_GLOBAL_ACCENT_COLOR_NAME = AccentColor;
				CODE_SIGN_STYLE = Automatic;
				CURRENT_PROJECT_VERSION = 1;
				DEVELOPMENT_TEAM = VN456S7UHT;
				ENABLE_PREVIEWS = YES;
				GENERATE_INFOPLIST_FILE = YES;
				INFOPLIST_KEY_NSMicrophoneUsageDescription = "Allow microphone access to speak with the tutor.";
				INFOPLIST_KEY_NSSpeechRecognitionUsageDescription = "Allow speech recognition for understanding your input.";
				INFOPLIST_KEY_UIApplicationSceneManifest_Generation = YES;
				INFOPLIST_KEY_UIApplicationSupportsIndirectInputEvents = YES;
				INFOPLIST_KEY_UILaunchScreen_Generation = YES;
				INFOPLIST_KEY_UISupportedInterfaceOrientations_iPad = "UIInterfaceOrientationPortrait UIInterfaceOrientationPortraitUpsideDown UIInterfaceOrientationLandscapeLeft UIInterfaceOrientationLandscapeRight";
				INFOPLIST_KEY_UISupportedInterfaceOrientations_iPhone = "UIInterfaceOrientationPortrait UIInterfaceOrientationLandscapeLeft UIInterfaceOrientationLandscapeRight";
				LD_RUNPATH_SEARCH_PATHS = (
					"$(inherited)",
					"@executable_path/Frameworks",
				);
				MARKETING_VERSION = 1.0;
				PRODUCT_BUNDLE_IDENTIFIER = "com.ivan.magda.app.ios.ist-ai-hack";
				PRODUCT_NAME = "$(TARGET_NAME)";
				SWIFT_EMIT_LOC_STRINGS = YES;
				SWIFT_VERSION = 5.0;
				TARGETED_DEVICE_FAMILY = "1,2";
			};
			name = Debug;
		};
		2C7D94182DE700010065124A /* Release */ = {
			isa = XCBuildConfiguration;
			buildSettings = {
				ASSETCATALOG_COMPILER_APPICON_NAME = AppIcon;
				ASSETCATALOG_COMPILER_GLOBAL_ACCENT_COLOR_NAME = AccentColor;
				CODE_SIGN_STYLE = Automatic;
				CURRENT_PROJECT_VERSION = 1;
				DEVELOPMENT_TEAM = VN456S7UHT;
				ENABLE_PREVIEWS = YES;
				GENERATE_INFOPLIST_FILE = YES;
				INFOPLIST_KEY_NSMicrophoneUsageDescription = "Allow microphone access to speak with the tutor.";
				INFOPLIST_KEY_NSSpeechRecognitionUsageDescription = "Allow speech recognition for understanding your input.";
				INFOPLIST_KEY_UIApplicationSceneManifest_Generation = YES;
				INFOPLIST_KEY_UIApplicationSupportsIndirectInputEvents = YES;
				INFOPLIST_KEY_UILaunchScreen_Generation = YES;
				INFOPLIST_KEY_UISupportedInterfaceOrientations_iPad = "UIInterfaceOrientationPortrait UIInterfaceOrientationPortraitUpsideDown UIInterfaceOrientationLandscapeLeft UIInterfaceOrientationLandscapeRight";
				INFOPLIST_KEY_UISupportedInterfaceOrientations_iPhone = "UIInterfaceOrientationPortrait UIInterfaceOrientationLandscapeLeft UIInterfaceOrientationLandscapeRight";
				LD_RUNPATH_SEARCH_PATHS = (
					"$(inherited)",
					"@executable_path/Frameworks",
				);
				MARKETING_VERSION = 1.0;
				PRODUCT_BUNDLE_IDENTIFIER = "com.ivan.magda.app.ios.ist-ai-hack";
				PRODUCT_NAME = "$(TARGET_NAME)";
				SWIFT_EMIT_LOC_STRINGS = YES;
				SWIFT_VERSION = 5.0;
				TARGETED_DEVICE_FAMILY = "1,2";
			};
			name = Release;
		};
		2C7D941A2DE700010065124A /* Debug */ = {
			isa = XCBuildConfiguration;
			buildSettings = {
				BUNDLE_LOADER = "$(TEST_HOST)";
				CODE_SIGN_STYLE = Automatic;
				CURRENT_PROJECT_VERSION = 1;
				DEVELOPMENT_TEAM = VN456S7UHT;
				GENERATE_INFOPLIST_FILE = YES;
				IPHONEOS_DEPLOYMENT_TARGET = 18.4;
				MARKETING_VERSION = 1.0;
				PRODUCT_BUNDLE_IDENTIFIER = "com.ivan.magda.app.ios.ist-ai-hackTests";
				PRODUCT_NAME = "$(TARGET_NAME)";
				SWIFT_EMIT_LOC_STRINGS = NO;
				SWIFT_VERSION = 5.0;
				TARGETED_DEVICE_FAMILY = "1,2";
				TEST_HOST = "$(BUILT_PRODUCTS_DIR)/ist-ai-hack.app/$(BUNDLE_EXECUTABLE_FOLDER_PATH)/ist-ai-hack";
			};
			name = Debug;
		};
		2C7D941B2DE700010065124A /* Release */ = {
			isa = XCBuildConfiguration;
			buildSettings = {
				BUNDLE_LOADER = "$(TEST_HOST)";
				CODE_SIGN_STYLE = Automatic;
				CURRENT_PROJECT_VERSION = 1;
				DEVELOPMENT_TEAM = VN456S7UHT;
				GENERATE_INFOPLIST_FILE = YES;
				IPHONEOS_DEPLOYMENT_TARGET = 18.4;
				MARKETING_VERSION = 1.0;
				PRODUCT_BUNDLE_IDENTIFIER = "com.ivan.magda.app.ios.ist-ai-hackTests";
				PRODUCT_NAME = "$(TARGET_NAME)";
				SWIFT_EMIT_LOC_STRINGS = NO;
				SWIFT_VERSION = 5.0;
				TARGETED_DEVICE_FAMILY = "1,2";
				TEST_HOST = "$(BUILT_PRODUCTS_DIR)/ist-ai-hack.app/$(BUNDLE_EXECUTABLE_FOLDER_PATH)/ist-ai-hack";
			};
			name = Release;
		};
		2C7D941D2DE700010065124A /* Debug */ = {
			isa = XCBuildConfiguration;
			buildSettings = {
				CODE_SIGN_STYLE = Automatic;
				CURRENT_PROJECT_VERSION = 1;
				DEVELOPMENT_TEAM = VN456S7UHT;
				GENERATE_INFOPLIST_FILE = YES;
				MARKETING_VERSION = 1.0;
				PRODUCT_BUNDLE_IDENTIFIER = "com.ivan.magda.app.ios.ist-ai-hackUITests";
				PRODUCT_NAME = "$(TARGET_NAME)";
				SWIFT_EMIT_LOC_STRINGS = NO;
				SWIFT_VERSION = 5.0;
				TARGETED_DEVICE_FAMILY = "1,2";
				TEST_TARGET_NAME = "ist-ai-hack";
			};
			name = Debug;
		};
		2C7D941E2DE700010065124A /* Release */ = {
			isa = XCBuildConfiguration;
			buildSettings = {
				CODE_SIGN_STYLE = Automatic;
				CURRENT_PROJECT_VERSION = 1;
				DEVELOPMENT_TEAM = VN456S7UHT;
				GENERATE_INFOPLIST_FILE = YES;
				MARKETING_VERSION = 1.0;
				PRODUCT_BUNDLE_IDENTIFIER = "com.ivan.magda.app.ios.ist-ai-hackUITests";
				PRODUCT_NAME = "$(TARGET_NAME)";
				SWIFT_EMIT_LOC_STRINGS = NO;
				SWIFT_VERSION = 5.0;
				TARGETED_DEVICE_FAMILY = "1,2";
				TEST_TARGET_NAME = "ist-ai-hack";
			};
			name = Release;
		};
/* End XCBuildConfiguration section */

/* Begin XCConfigurationList section */
		2C7D93F02DE6FFFF0065124A /* Build configuration list for PBXProject "ist-ai-hack" */ = {
			isa = XCConfigurationList;
			buildConfigurations = (
				2C7D94142DE700010065124A /* Debug */,
				2C7D94152DE700010065124A /* Release */,
			);
			defaultConfigurationIsVisible = 0;
			defaultConfigurationName = Release;
		};
		2C7D94162DE700010065124A /* Build configuration list for PBXNativeTarget "ist-ai-hack" */ = {
			isa = XCConfigurationList;
			buildConfigurations = (
				2C7D94172DE700010065124A /* Debug */,
				2C7D94182DE700010065124A /* Release */,
			);
			defaultConfigurationIsVisible = 0;
			defaultConfigurationName = Release;
		};
		2C7D94192DE700010065124A /* Build configuration list for PBXNativeTarget "ist-ai-hackTests" */ = {
			isa = XCConfigurationList;
			buildConfigurations = (
				2C7D941A2DE700010065124A /* Debug */,
				2C7D941B2DE700010065124A /* Release */,
			);
			defaultConfigurationIsVisible = 0;
			defaultConfigurationName = Release;
		};
		2C7D941C2DE700010065124A /* Build configuration list for PBXNativeTarget "ist-ai-hackUITests" */ = {
			isa = XCConfigurationList;
			buildConfigurations = (
				2C7D941D2DE700010065124A /* Debug */,
				2C7D941E2DE700010065124A /* Release */,
			);
			defaultConfigurationIsVisible = 0;
			defaultConfigurationName = Release;
		};
/* End XCConfigurationList section */
	};
	rootObject = 2C7D93ED2DE6FFFF0065124A /* Project object */;
}
